
Microsoft Visual Studio Solution File, Format Version 12.00
# Visual Studio Version 17
VisualStudioVersion = 17.8.34316.72
MinimumVisualStudioVersion = 10.0.40219.1
Project("{FAE04EC0-301F-11D3-BF4B-00C04F79EFBC}") = "AoC19", "AoC19.csproj", "{B030AE7F-1BCC-4071-BB62-961E341BE92A}"
EndProject
Global
	GlobalSection(SolutionConfigurationPlatforms) = preSolution
		Debug|Any CPU = Debug|Any CPU
		Release|Any CPU = Release|Any CPU
	EndGlobalSection
	GlobalSection(ProjectConfigurationPlatforms) = postSolution
		{B030AE7F-1BCC-4071-BB62-961E341BE92A}.Debug|Any CPU.ActiveCfg = Debug|Any CPU
		{B030AE7F-1BCC-4071-BB62-961E341BE92A}.Debug|Any CPU.Build.0 = Debug|Any CPU
		{B030AE7F-1BCC-4071-BB62-961E341BE92A}.Release|Any CPU.ActiveCfg = Release|Any CPU
		{B030AE7F-1BCC-4071-BB62-961E341BE92A}.Release|Any CPU.Build.0 = Release|Any CPU
	EndGlobalSection
	GlobalSection(SolutionProperties) = preSolution
		HideSolutionNode = FALSE
	EndGlobalSection
	GlobalSection(ExtensibilityGlobals) = postSolution
		SolutionGuid = {6BCA5817-B98F-4C04-9851-EFC22D22E86B}
	EndGlobalSection
EndGlobal
